
Microsoft Visual Studio Solution File, Format Version 12.00
# Visual Studio 15
VisualStudioVersion = 15.0.27130.2020
MinimumVisualStudioVersion = 10.0.40219.1
Project("{FAE04EC0-301F-11D3-BF4B-00C04F79EFBC}") = "ParallelProgramming", "ParallelProgramming\ParallelProgramming.csproj", "{C520AEC7-ABFE-49ED-B21F-17CAB85327D3}"
EndProject
Global
	GlobalSection(SolutionConfigurationPlatforms) = preSolution
		Debug|Any CPU = Debug|Any CPU
		Release|Any CPU = Release|Any CPU
	EndGlobalSection
	GlobalSection(ProjectConfigurationPlatforms) = postSolution
		{C520AEC7-ABFE-49ED-B21F-17CAB85327D3}.Debug|Any CPU.ActiveCfg = Debug|Any CPU
		{C520AEC7-ABFE-49ED-B21F-17CAB85327D3}.Debug|Any CPU.Build.0 = Debug|Any CPU
		{C520AEC7-ABFE-49ED-B21F-17CAB85327D3}.Release|Any CPU.ActiveCfg = Release|Any CPU
		{C520AEC7-ABFE-49ED-B21F-17CAB85327D3}.Release|Any CPU.Build.0 = Release|Any CPU
	EndGlobalSection
	GlobalSection(SolutionProperties) = preSolution
		HideSolutionNode = FALSE
	EndGlobalSection
	GlobalSection(ExtensibilityGlobals) = postSolution
		SolutionGuid = {C280CDDE-0E3B-4675-BFBC-EBB05B1F2767}
	EndGlobalSection
EndGlobal
